
Microsoft Visual Studio Solution File, Format Version 12.00
# Visual Studio Version 16
VisualStudioVersion = 16.0.28803.202
MinimumVisualStudioVersion = 10.0.40219.1
Project("{FAE04EC0-301F-11D3-BF4B-00C04F79EFBC}") = "SpeechStream", "SpeechStream\SpeechStream.csproj", "{C941F71C-D411-4FCD-931D-5C651051C8E7}"
EndProject
Global
	GlobalSection(SolutionConfigurationPlatforms) = preSolution
		Debug|Any CPU = Debug|Any CPU
		Release|Any CPU = Release|Any CPU
	EndGlobalSection
	GlobalSection(ProjectConfigurationPlatforms) = postSolution
		{C941F71C-D411-4FCD-931D-5C651051C8E7}.Debug|Any CPU.ActiveCfg = Debug|Any CPU
		{C941F71C-D411-4FCD-931D-5C651051C8E7}.Debug|Any CPU.Build.0 = Debug|Any CPU
		{C941F71C-D411-4FCD-931D-5C651051C8E7}.Release|Any CPU.ActiveCfg = Release|Any CPU
		{C941F71C-D411-4FCD-931D-5C651051C8E7}.Release|Any CPU.Build.0 = Release|Any CPU
	EndGlobalSection
	GlobalSection(SolutionProperties) = preSolution
		HideSolutionNode = FALSE
	EndGlobalSection
	GlobalSection(ExtensibilityGlobals) = postSolution
		SolutionGuid = {90992370-6242-4E7F-A8C8-A0005ADDD6D6}
	EndGlobalSection
EndGlobal
